
Microsoft Visual Studio Solution File, Format Version 12.00
# Visual Studio 15
VisualStudioVersion = 15.0.27428.2015
MinimumVisualStudioVersion = 10.0.40219.1
Project("{FAE04EC0-301F-11D3-BF4B-00C04F79EFBC}") = "DocumentServiceTester", "DocumentServiceTester\DocumentServiceTester.csproj", "{1DA4134A-783E-4F9F-BBD5-AA0C8A0B0120}"
EndProject
Global
	GlobalSection(SolutionConfigurationPlatforms) = preSolution
		Debug|Any CPU = Debug|Any CPU
		Release|Any CPU = Release|Any CPU
	EndGlobalSection
	GlobalSection(ProjectConfigurationPlatforms) = postSolution
		{1DA4134A-783E-4F9F-BBD5-AA0C8A0B0120}.Debug|Any CPU.ActiveCfg = Debug|Any CPU
		{1DA4134A-783E-4F9F-BBD5-AA0C8A0B0120}.Debug|Any CPU.Build.0 = Debug|Any CPU
		{1DA4134A-783E-4F9F-BBD5-AA0C8A0B0120}.Release|Any CPU.ActiveCfg = Release|Any CPU
		{1DA4134A-783E-4F9F-BBD5-AA0C8A0B0120}.Release|Any CPU.Build.0 = Release|Any CPU
	EndGlobalSection
	GlobalSection(SolutionProperties) = preSolution
		HideSolutionNode = FALSE
	EndGlobalSection
	GlobalSection(ExtensibilityGlobals) = postSolution
		SolutionGuid = {242821EE-5498-4B9B-9FC1-C8B2EC5FE152}
	EndGlobalSection
EndGlobal
